
Microsoft Visual Studio Solution File, Format Version 12.00
# Visual Studio 15
Project("{FAE04EC0-301F-11D3-BF4B-00C04F79EFBC}") = "Assembly-CSharp-Editor", "Assembly-CSharp-Editor.csproj", "{6C9622A6-D1C8-47ED-447E-0F2DFD22AB86}"
EndProject
Project("{FAE04EC0-301F-11D3-BF4B-00C04F79EFBC}") = "Assembly-CSharp", "Assembly-CSharp.csproj", "{CC8EC374-B9E4-75D0-B03B-DE6EFFD2E57C}"
EndProject
Project("{FAE04EC0-301F-11D3-BF4B-00C04F79EFBC}") = "ProjectSoldier.PlayModeTests", "ProjectSoldier.PlayModeTests.csproj", "{B0048606-D161-16A9-E99F-A651475594AC}"
EndProject
Global
	GlobalSection(SolutionConfigurationPlatforms) = preSolution
		Debug|Any CPU = Debug|Any CPU
		Release|Any CPU = Release|Any CPU
	EndGlobalSection
	GlobalSection(ProjectConfigurationPlatforms) = postSolution
		{6C9622A6-D1C8-47ED-447E-0F2DFD22AB86}.Debug|Any CPU.ActiveCfg = Debug|Any CPU
		{6C9622A6-D1C8-47ED-447E-0F2DFD22AB86}.Debug|Any CPU.Build.0 = Debug|Any CPU
		{6C9622A6-D1C8-47ED-447E-0F2DFD22AB86}.Release|Any CPU.ActiveCfg = Release|Any CPU
		{6C9622A6-D1C8-47ED-447E-0F2DFD22AB86}.Release|Any CPU.Build.0 = Release|Any CPU
		{CC8EC374-B9E4-75D0-B03B-DE6EFFD2E57C}.Debug|Any CPU.ActiveCfg = Debug|Any CPU
		{CC8EC374-B9E4-75D0-B03B-DE6EFFD2E57C}.Debug|Any CPU.Build.0 = Debug|Any CPU
		{CC8EC374-B9E4-75D0-B03B-DE6EFFD2E57C}.Release|Any CPU.ActiveCfg = Release|Any CPU
		{CC8EC374-B9E4-75D0-B03B-DE6EFFD2E57C}.Release|Any CPU.Build.0 = Release|Any CPU
		{B0048606-D161-16A9-E99F-A651475594AC}.Debug|Any CPU.ActiveCfg = Debug|Any CPU
		{B0048606-D161-16A9-E99F-A651475594AC}.Debug|Any CPU.Build.0 = Debug|Any CPU
		{B0048606-D161-16A9-E99F-A651475594AC}.Release|Any CPU.ActiveCfg = Release|Any CPU
		{B0048606-D161-16A9-E99F-A651475594AC}.Release|Any CPU.Build.0 = Release|Any CPU
	EndGlobalSection
	GlobalSection(SolutionProperties) = preSolution
		HideSolutionNode = FALSE
	EndGlobalSection
EndGlobal
